
Microsoft Visual Studio Solution File, Format Version 12.00
# Visual Studio Version 16
VisualStudioVersion = 16.0.30621.155
MinimumVisualStudioVersion = 10.0.40219.1
Project("{FAE04EC0-301F-11D3-BF4B-00C04F79EFBC}") = "BattleShipElliot", "BattleShipElliot\BattleShipElliot.csproj", "{CFAEDFD8-1FFC-4696-A641-3B055B7387AA}"
EndProject
Global
	GlobalSection(SolutionConfigurationPlatforms) = preSolution
		Debug|Any CPU = Debug|Any CPU
		Release|Any CPU = Release|Any CPU
	EndGlobalSection
	GlobalSection(ProjectConfigurationPlatforms) = postSolution
		{CFAEDFD8-1FFC-4696-A641-3B055B7387AA}.Debug|Any CPU.ActiveCfg = Debug|Any CPU
		{CFAEDFD8-1FFC-4696-A641-3B055B7387AA}.Debug|Any CPU.Build.0 = Debug|Any CPU
		{CFAEDFD8-1FFC-4696-A641-3B055B7387AA}.Release|Any CPU.ActiveCfg = Release|Any CPU
		{CFAEDFD8-1FFC-4696-A641-3B055B7387AA}.Release|Any CPU.Build.0 = Release|Any CPU
	EndGlobalSection
	GlobalSection(SolutionProperties) = preSolution
		HideSolutionNode = FALSE
	EndGlobalSection
	GlobalSection(ExtensibilityGlobals) = postSolution
		SolutionGuid = {7F76B05B-6415-4F80-A3CD-2B74519C8DF7}
	EndGlobalSection
EndGlobal
